
Microsoft Visual Studio Solution File, Format Version 12.00
# Visual Studio Version 16
VisualStudioVersion = 16.0.29102.190
MinimumVisualStudioVersion = 10.0.40219.1
Project("{FAE04EC0-301F-11D3-BF4B-00C04F79EFBC}") = "AouraghStore", "AouraghStore\AouraghStore.csproj", "{9A4D6659-0547-4B17-802C-EB367823D59D}"
EndProject
Project("{FAE04EC0-301F-11D3-BF4B-00C04F79EFBC}") = "UPFStore", "UPFStore\UPFStore.csproj", "{5E459F62-4724-4844-BFF3-9890F3262EE8}"
EndProject
Global
	GlobalSection(SolutionConfigurationPlatforms) = preSolution
		Debug|Any CPU = Debug|Any CPU
		Release|Any CPU = Release|Any CPU
	EndGlobalSection
	GlobalSection(ProjectConfigurationPlatforms) = postSolution
		{9A4D6659-0547-4B17-802C-EB367823D59D}.Debug|Any CPU.ActiveCfg = Debug|Any CPU
		{9A4D6659-0547-4B17-802C-EB367823D59D}.Debug|Any CPU.Build.0 = Debug|Any CPU
		{9A4D6659-0547-4B17-802C-EB367823D59D}.Release|Any CPU.ActiveCfg = Release|Any CPU
		{9A4D6659-0547-4B17-802C-EB367823D59D}.Release|Any CPU.Build.0 = Release|Any CPU
		{5E459F62-4724-4844-BFF3-9890F3262EE8}.Debug|Any CPU.ActiveCfg = Debug|Any CPU
		{5E459F62-4724-4844-BFF3-9890F3262EE8}.Debug|Any CPU.Build.0 = Debug|Any CPU
		{5E459F62-4724-4844-BFF3-9890F3262EE8}.Release|Any CPU.ActiveCfg = Release|Any CPU
		{5E459F62-4724-4844-BFF3-9890F3262EE8}.Release|Any CPU.Build.0 = Release|Any CPU
	EndGlobalSection
	GlobalSection(SolutionProperties) = preSolution
		HideSolutionNode = FALSE
	EndGlobalSection
	GlobalSection(ExtensibilityGlobals) = postSolution
		SolutionGuid = {C33B5982-24A6-4025-AB82-6C4F099DC779}
	EndGlobalSection
EndGlobal
